<Solution>
  <Folder Name="/src/">
    <Project Path="src/AppHost/AppHost.csproj" />
    <Project Path="src/Gateway/Gateway.csproj" />
    <Project Path="src/Onboarding.Api/Onboarding.Api.csproj" />
    <Project Path="src/Onboarding.Application/Onboarding.Application.csproj" />
    <Project Path="src/Onboarding.Contracts/Onboarding.Contracts.csproj" />
    <Project Path="src/Onboarding.Domain/Onboarding.Domain.csproj" />
    <Project Path="src/Onboarding.Infrastructure/Onboarding.Infrastructure.csproj" />
    <Project Path="src/ServiceDefaults/ServiceDefaults.csproj" />
    <Project Path="src/Stubs/Stubs.csproj" />
    <Project Path="src/Verification.Application/Verification.Application.csproj" />
    <Project Path="src/Verification.Contracts/Verification.Contracts.csproj" />
    <Project Path="src/Verification.Domain/Verification.Domain.csproj" />
    <Project Path="src/Verification.Infrastructure/Verification.Infrastructure.csproj" />
    <Project Path="src/Verification.Worker/Verification.Worker.csproj" />
  </Folder>
  <Folder Name="/src/BuildingBlocks/">
    <Project Path="src/BuildingBlocks/Documents/Documents.csproj" />
    <Project Path="src/BuildingBlocks/Messaging/Messaging.csproj" />
    <Project Path="src/BuildingBlocks/Persistence/Persistence.csproj" />
  </Folder>
  <Folder Name="/tests/">
    <Project Path="tests/Onboarding.UnitTests/Onboarding.UnitTests.csproj" />
    <Project Path="tests/Verification.UnitTests/Verification.UnitTests.csproj" />
  </Folder>
  <Folder Name="/Solution Items/">
    <File Path=".editorconfig" />
    <File Path="requests/applications.http" />
    <File Path="global.json" />
    <File Path=".env" />
    <File Path=".env.example" />
    <File Path="Directory.Packages.props" />
    <File Path="Directory.Build.props" />
    <File Path="NuGet.config" />
    <File Path="README.md" />
    <File Path="platform/docker-compose.yml" />
  </Folder>
</Solution>